
Microsoft Visual Studio Solution File, Format Version 12.00
# Visual Studio Version 16
VisualStudioVersion = 16.0.29306.81
MinimumVisualStudioVersion = 10.0.40219.1
Project("{FAE04EC0-301F-11D3-BF4B-00C04F79EFBC}") = "Proyecto_Final", "Projecto_Final\Proyecto_Final.csproj", "{07C0B53C-1765-462F-948E-70DD3078A3F3}"
EndProject
Global
	GlobalSection(SolutionConfigurationPlatforms) = preSolution
		Debug|Any CPU = Debug|Any CPU
		Release|Any CPU = Release|Any CPU
	EndGlobalSection
	GlobalSection(ProjectConfigurationPlatforms) = postSolution
		{07C0B53C-1765-462F-948E-70DD3078A3F3}.Debug|Any CPU.ActiveCfg = Debug|Any CPU
		{07C0B53C-1765-462F-948E-70DD3078A3F3}.Debug|Any CPU.Build.0 = Debug|Any CPU
		{07C0B53C-1765-462F-948E-70DD3078A3F3}.Release|Any CPU.ActiveCfg = Release|Any CPU
		{07C0B53C-1765-462F-948E-70DD3078A3F3}.Release|Any CPU.Build.0 = Release|Any CPU
	EndGlobalSection
	GlobalSection(SolutionProperties) = preSolution
		HideSolutionNode = FALSE
	EndGlobalSection
	GlobalSection(ExtensibilityGlobals) = postSolution
		SolutionGuid = {F95A8ADA-16C2-4F68-AD1A-1DF2EBD65A48}
	EndGlobalSection
EndGlobal
